// !$*UTF8*$!
{
	archiveVersion = 1;
	classes = {
	};
	objectVersion = 46;
	objects = {

/* Begin PBXBuildFile section */
		230D14AB1B30E09600DA07DC /* generator.swift in Sources */ = {isa = PBXBuildFile; fileRef = 230D14AA1B30E09600DA07DC /* generator.swift */; };
		23BCFD161B30D6010018836B /* main.swift in Sources */ = {isa = PBXBuildFile; fileRef = 23BCFD151B30D6010018836B /* main.swift */; };
		23C26B4A1B321897008CDE05 /* config.swift in Sources */ = {isa = PBXBuildFile; fileRef = 23C26B491B321897008CDE05 /* config.swift */; };
		23C26B4C1B3218E7008CDE05 /* utilities.swift in Sources */ = {isa = PBXBuildFile; fileRef = 23C26B4B1B3218E7008CDE05 /* utilities.swift */; };
/* End PBXBuildFile section */

/* Begin PBXFileReference section */
		230D14AA1B30E09600DA07DC /* generator.swift */ = {isa = PBXFileReference; fileEncoding = 4; lastKnownFileType = sourcecode.swift; path = generator.swift; sourceTree = "<group>"; };
		23BCFD121B30D6010018836B /* wwdc-podcaster */ = {isa = PBXFileReference; explicitFileType = "compiled.mach-o.executable"; includeInIndex = 0; path = "wwdc-podcaster"; sourceTree = BUILT_PRODUCTS_DIR; };
		23BCFD151B30D6010018836B /* main.swift */ = {isa = PBXFileReference; lastKnownFileType = sourcecode.swift; path = main.swift; sourceTree = "<group>"; };
		23C26B491B321897008CDE05 /* config.swift */ = {isa = PBXFileReference; fileEncoding = 4; lastKnownFileType = sourcecode.swift; path = config.swift; sourceTree = "<group>"; };
		23C26B4B1B3218E7008CDE05 /* utilities.swift */ = {isa = PBXFileReference; fileEncoding = 4; lastKnownFileType = sourcecode.swift; path = utilities.swift; sourceTree = "<group>"; };
		23C26B4E1B323174008CDE05 /* wwdc-podcaster.playground */ = {isa = PBXFileReference; lastKnownFileType = file.playground; path = "wwdc-podcaster.playground"; sourceTree = "<group>"; };
/* End PBXFileReference section */

/* Begin PBXFrameworksBuildPhase section */
		23BCFD0F1B30D6010018836B /* Frameworks */ = {
			isa = PBXFrameworksBuildPhase;
			buildActionMask = 2147483647;
			files = (
			);
			runOnlyForDeploymentPostprocessing = 0;
		};
/* End PBXFrameworksBuildPhase section */

/* Begin PBXGroup section */
		23BCFD091B30D6010018836B = {
			isa = PBXGroup;
			children = (
				23BCFD141B30D6010018836B /* wwdc-podcaster */,
				23BCFD131B30D6010018836B /* Products */,
			);
			sourceTree = "<group>";
		};
		23BCFD131B30D6010018836B /* Products */ = {
			isa = PBXGroup;
			children = (
				23BCFD121B30D6010018836B /* wwdc-podcaster */,
			);
			name = Products;
			sourceTree = "<group>";
		};
		23BCFD141B30D6010018836B /* wwdc-podcaster */ = {
			isa = PBXGroup;
			children = (
				23C26B4E1B323174008CDE05 /* wwdc-podcaster.playground */,
				23BCFD151B30D6010018836B /* main.swift */,
				23C26B491B321897008CDE05 /* config.swift */,
				230D14AA1B30E09600DA07DC /* generator.swift */,
				23C26B4B1B3218E7008CDE05 /* utilities.swift */,
			);
			path = "wwdc-podcaster";
			sourceTree = "<group>";
		};
/* End PBXGroup section */

/* Begin PBXNativeTarget section */
		23BCFD111B30D6010018836B /* wwdc-podcaster */ = {
			isa = PBXNativeTarget;
			buildConfigurationList = 23BCFD191B30D6010018836B /* Build configuration list for PBXNativeTarget "wwdc-podcaster" */;
			buildPhases = (
				23BCFD0E1B30D6010018836B /* Sources */,
				23BCFD0F1B30D6010018836B /* Frameworks */,
			);
			buildRules = (
			);
			dependencies = (
			);
			name = "wwdc-podcaster";
			productName = "wwdc-podcaster";
			productReference = 23BCFD121B30D6010018836B /* wwdc-podcaster */;
			productType = "com.apple.product-type.tool";
		};
/* End PBXNativeTarget section */

/* Begin PBXProject section */
		23BCFD0A1B30D6010018836B /* Project object */ = {
			isa = PBXProject;
			attributes = {
				LastUpgradeCheck = 0700;
				ORGANIZATIONNAME = jakekirshner;
				TargetAttributes = {
					23BCFD111B30D6010018836B = {
						CreatedOnToolsVersion = 7.0;
					};
				};
			};
			buildConfigurationList = 23BCFD0D1B30D6010018836B /* Build configuration list for PBXProject "wwdc-podcaster" */;
			compatibilityVersion = "Xcode 3.2";
			developmentRegion = English;
			hasScannedForEncodings = 0;
			knownRegions = (
				en,
			);
			mainGroup = 23BCFD091B30D6010018836B;
			productRefGroup = 23BCFD131B30D6010018836B /* Products */;
			projectDirPath = "";
			projectRoot = "";
			targets = (
				23BCFD111B30D6010018836B /* wwdc-podcaster */,
			);
		};
/* End PBXProject section */

/* Begin PBXSourcesBuildPhase section */
		23BCFD0E1B30D6010018836B /* Sources */ = {
			isa = PBXSourcesBuildPhase;
			buildActionMask = 2147483647;
			files = (
				23C26B4A1B321897008CDE05 /* config.swift in Sources */,
				23BCFD161B30D6010018836B /* main.swift in Sources */,
				23C26B4C1B3218E7008CDE05 /* utilities.swift in Sources */,
				230D14AB1B30E09600DA07DC /* generator.swift in Sources */,
			);
			runOnlyForDeploymentPostprocessing = 0;
		};
/* End PBXSourcesBuildPhase section */

/* Begin XCBuildConfiguration section */
		23BCFD171B30D6010018836B /* Debug */ = {
			isa = XCBuildConfiguration;
			buildSettings = {
				ALWAYS_SEARCH_USER_PATHS = NO;
				CLANG_CXX_LANGUAGE_STANDARD = "gnu++0x";
				CLANG_CXX_LIBRARY = "libc++";
				CLANG_ENABLE_MODULES = YES;
				CLANG_ENABLE_OBJC_ARC = YES;
				CLANG_WARN_BOOL_CONVERSION = YES;
				CLANG_WARN_CONSTANT_CONVERSION = YES;
				CLANG_WARN_DIRECT_OBJC_ISA_USAGE = YES_ERROR;
				CLANG_WARN_EMPTY_BODY = YES;
				CLANG_WARN_ENUM_CONVERSION = YES;
				CLANG_WARN_INT_CONVERSION = YES;
				CLANG_WARN_OBJC_ROOT_CLASS = YES_ERROR;
				CLANG_WARN_UNREACHABLE_CODE = YES;
				CLANG_WARN__DUPLICATE_METHOD_MATCH = YES;
				COPY_PHASE_STRIP = NO;
				DEBUG_INFORMATION_FORMAT = dwarf;
				ENABLE_STRICT_OBJC_MSGSEND = YES;
				ENABLE_TESTABILITY = YES;
				GCC_C_LANGUAGE_STANDARD = gnu99;
				GCC_DYNAMIC_NO_PIC = NO;
				GCC_NO_COMMON_BLOCKS = YES;
				GCC_OPTIMIZATION_LEVEL = 0;
				GCC_PREPROCESSOR_DEFINITIONS = (
					"DEBUG=1",
					"$(inherited)",
				);
				GCC_WARN_64_TO_32_BIT_CONVERSION = YES;
				GCC_WARN_ABOUT_RETURN_TYPE = YES_ERROR;
				GCC_WARN_UNDECLARED_SELECTOR = YES;
				GCC_WARN_UNINITIALIZED_AUTOS = YES_AGGRESSIVE;
				GCC_WARN_UNUSED_FUNCTION = YES;
				GCC_WARN_UNUSED_VARIABLE = YES;
				MACOSX_DEPLOYMENT_TARGET = 10.11;
				MTL_ENABLE_DEBUG_INFO = YES;
				ONLY_ACTIVE_ARCH = YES;
				SDKROOT = macosx;
				SWIFT_OPTIMIZATION_LEVEL = "-Onone";
			};
			name = Debug;
		};
		23BCFD181B30D6010018836B /* Release */ = {
			isa = XCBuildConfiguration;
			buildSettings = {
				ALWAYS_SEARCH_USER_PATHS = NO;
				CLANG_CXX_LANGUAGE_STANDARD = "gnu++0x";
				CLANG_CXX_LIBRARY = "libc++";
				CLANG_ENABLE_MODULES = YES;
				CLANG_ENABLE_OBJC_ARC = YES;
				CLANG_WARN_BOOL_CONVERSION = YES;
				CLANG_WARN_CONSTANT_CONVERSION = YES;
				CLANG_WARN_DIRECT_OBJC_ISA_USAGE = YES_ERROR;
				CLANG_WARN_EMPTY_BODY = YES;
				CLANG_WARN_ENUM_CONVERSION = YES;
				CLANG_WARN_INT_CONVERSION = YES;
				CLANG_WARN_OBJC_ROOT_CLASS = YES_ERROR;
				CLANG_WARN_UNREACHABLE_CODE = YES;
				CLANG_WARN__DUPLICATE_METHOD_MATCH = YES;
				COPY_PHASE_STRIP = NO;
				DEBUG_INFORMATION_FORMAT = "dwarf-with-dsym";
				ENABLE_NS_ASSERTIONS = NO;
				ENABLE_STRICT_OBJC_MSGSEND = YES;
				GCC_C_LANGUAGE_STANDARD = gnu99;
				GCC_NO_COMMON_BLOCKS = YES;
				GCC_WARN_64_TO_32_BIT_CONVERSION = YES;
				GCC_WARN_ABOUT_RETURN_TYPE = YES_ERROR;
				GCC_WARN_UNDECLARED_SELECTOR = YES;
				GCC_WARN_UNINITIALIZED_AUTOS = YES_AGGRESSIVE;
				GCC_WARN_UNUSED_FUNCTION = YES;
				GCC_WARN_UNUSED_VARIABLE = YES;
				MACOSX_DEPLOYMENT_TARGET = 10.11;
				MTL_ENABLE_DEBUG_INFO = NO;
				SDKROOT = macosx;
			};
			name = Release;
		};
		23BCFD1A1B30D6010018836B /* Debug */ = {
			isa = XCBuildConfiguration;
			buildSettings = {
				PRODUCT_NAME = "$(TARGET_NAME)";
			};
			name = Debug;
		};
		23BCFD1B1B30D6010018836B /* Release */ = {
			isa = XCBuildConfiguration;
			buildSettings = {
				PRODUCT_NAME = "$(TARGET_NAME)";
			};
			name = Release;
		};
/* End XCBuildConfiguration section */

/* Begin XCConfigurationList section */
		23BCFD0D1B30D6010018836B /* Build configuration list for PBXProject "wwdc-podcaster" */ = {
			isa = XCConfigurationList;
			buildConfigurations = (
				23BCFD171B30D6010018836B /* Debug */,
				23BCFD181B30D6010018836B /* Release */,
			);
			defaultConfigurationIsVisible = 0;
			defaultConfigurationName = Release;
		};
		23BCFD191B30D6010018836B /* Build configuration list for PBXNativeTarget "wwdc-podcaster" */ = {
			isa = XCConfigurationList;
			buildConfigurations = (
				23BCFD1A1B30D6010018836B /* Debug */,
				23BCFD1B1B30D6010018836B /* Release */,
			);
			defaultConfigurationIsVisible = 0;
			defaultConfigurationName = Release;
		};
/* End XCConfigurationList section */
	};
	rootObject = 23BCFD0A1B30D6010018836B /* Project object */;
}
